
Microsoft Visual Studio Solution File, Format Version 12.00
# Visual Studio Version 17
VisualStudioVersion = 17.5.33414.496
MinimumVisualStudioVersion = 10.0.40219.1
Project("{FAE04EC0-301F-11D3-BF4B-00C04F79EFBC}") = "Personal Information", "Personal Information.csproj", "{A27C9B81-DD28-457B-9411-2020B8FB2C7D}"
EndProject
Global
	GlobalSection(SolutionConfigurationPlatforms) = preSolution
		Debug|Any CPU = Debug|Any CPU
		Release|Any CPU = Release|Any CPU
	EndGlobalSection
	GlobalSection(ProjectConfigurationPlatforms) = postSolution
		{A27C9B81-DD28-457B-9411-2020B8FB2C7D}.Debug|Any CPU.ActiveCfg = Debug|Any CPU
		{A27C9B81-DD28-457B-9411-2020B8FB2C7D}.Debug|Any CPU.Build.0 = Debug|Any CPU
		{A27C9B81-DD28-457B-9411-2020B8FB2C7D}.Release|Any CPU.ActiveCfg = Release|Any CPU
		{A27C9B81-DD28-457B-9411-2020B8FB2C7D}.Release|Any CPU.Build.0 = Release|Any CPU
	EndGlobalSection
	GlobalSection(SolutionProperties) = preSolution
		HideSolutionNode = FALSE
	EndGlobalSection
	GlobalSection(ExtensibilityGlobals) = postSolution
		SolutionGuid = {DE9C3714-B913-40A5-A61C-950B44085C2F}
	EndGlobalSection
EndGlobal
